<?xml version="1.0" encoding="utf-8"?>
<Project ToolsVersion="4.0" xmlns="http://schemas.microsoft.com/developer/msbuild/2003">
  <ItemGroup>
    <Filter Include="Source Files">
      <UniqueIdentifier>{4FC737F1-C7A5-4376-A066-2A32D752A2FF}</UniqueIdentifier>
      <Extensions>cpp;c;cc;cxx;c++;cppm;ixx;def;odl;idl;hpj;bat;asm;asmx</Extensions>
    </Filter>
    <Filter Include="Header Files">
      <UniqueIdentifier>{93995380-89BD-4b04-88EB-625FBE52EBFB}</UniqueIdentifier>
      <Extensions>h;hh;hpp;hxx;h++;hm;inl;inc;ipp;xsd</Extensions>
    </Filter>
    <Filter Include="Resource Files">
      <UniqueIdentifier>{67DA6AB6-F800-4c08-8B7A-83BB121AAD01}</UniqueIdentifier>
      <Extensions>rc;ico;cur;bmp;dlg;rc2;rct;bin;rgs;gif;jpg;jpeg;jpe;resx;tiff;tif;png;wav;mfcribbon-ms</Extensions>
    </Filter>
    <Filter Include="Source Files\GUI">
      <UniqueIdentifier>{aa9cb073-4232-45b8-b6d0-6c12e56241b9}</UniqueIdentifier>
    </Filter>
    <Filter Include="Header Files\GUI">
      <UniqueIdentifier>{30479c0b-e49f-4012-9363-779646e8d748}</UniqueIdentifier>
    </Filter>
    <Filter Include="Header Files\Renderer">
      <UniqueIdentifier>{646e00d2-91f6-486f-ba2d-47f97c149568}</UniqueIdentifier>
    </Filter>
    <Filter Include="Source Files\Renderer">
      <UniqueIdentifier>{91b7af7d-f66d-47f4-a0e5-723240ff69df}</UniqueIdentifier>
    </Filter>
    <Filter Include="Header Files\Emulator">
      <UniqueIdentifier>{05cccf91-b996-4da2-a0f5-5bbcc525a800}</UniqueIdentifier>
    </Filter>
    <Filter Include="Source Files\Emulator">
      <UniqueIdentifier>{0307ff46-5901-4382-a0bf-a9f07e22c23c}</UniqueIdentifier>
    </Filter>
    <Filter Include="Header Files\Core">
      <UniqueIdentifier>{650d3692-c30e-4c11-ae63-35882d6dfbee}</UniqueIdentifier>
    </Filter>
    <Filter Include="Header Files\Core\GBA">
      <UniqueIdentifier>{77612300-1043-43af-9b1a-42656243643d}</UniqueIdentifier>
    </Filter>
    <Filter Include="Source Files\Core">
      <UniqueIdentifier>{763ad0cf-4800-413c-b8fc-f42463861c49}</UniqueIdentifier>
    </Filter>
    <Filter Include="Source Files\Core\GBA">
      <UniqueIdentifier>{a937b034-0ae2-44a8-ad55-93247d5e9fec}</UniqueIdentifier>
    </Filter>
    <Filter Include="Header Files\Core\ARM7TDMI">
      <UniqueIdentifier>{017d5b82-94ca-4fb0-b29d-c3057170f404}</UniqueIdentifier>
    </Filter>
    <Filter Include="Source Files\Core\ARM7TDMI">
      <UniqueIdentifier>{2675acb4-a4bd-443e-85de-4dc0fd509098}</UniqueIdentifier>
    </Filter>
    <Filter Include="Source Files\Core\ARM7TDMI\ARM_Instructions">
      <UniqueIdentifier>{044da7b5-f24d-4fca-b5f0-e162a16b5924}</UniqueIdentifier>
    </Filter>
    <Filter Include="Source Files\Core\Memory">
      <UniqueIdentifier>{2dc3c65c-d9a0-4c07-9654-5c39147dd860}</UniqueIdentifier>
    </Filter>
    <Filter Include="Header Files\Core\Memory">
      <UniqueIdentifier>{78c0a826-65e9-4fc1-bbd1-bb154d72ecb7}</UniqueIdentifier>
    </Filter>
    <Filter Include="Source Files\Core\ARM7TDMI\THUMB_Instructions">
      <UniqueIdentifier>{82d99e3d-cc01-48a9-ac5a-3a5fe44f1330}</UniqueIdentifier>
    </Filter>
    <Filter Include="Source Files\Core\Scheduler">
      <UniqueIdentifier>{c7a66f4f-e815-46e9-bec0-c6f101b74732}</UniqueIdentifier>
    </Filter>
    <Filter Include="Header Files\Event">
      <UniqueIdentifier>{26c7d479-6b73-4cc9-aa6a-3bce14da7fed}</UniqueIdentifier>
    </Filter>
    <Filter Include="Header Files\Scheduler">
      <UniqueIdentifier>{09cc45d1-7774-46f3-92a8-54e18939488d}</UniqueIdentifier>
    </Filter>
  </ItemGroup>
  <ItemGroup>
    <ClCompile Include="src\main.cpp">
      <Filter>Source Files</Filter>
    </ClCompile>
    <ClCompile Include="src\GUI\ControlFrame.cpp">
      <Filter>Source Files\GUI</Filter>
    </ClCompile>
    <ClCompile Include="src\ABGGBA.cpp">
      <Filter>Source Files</Filter>
    </ClCompile>
    <ClCompile Include="src\Renderer\Renderer.cpp">
      <Filter>Source Files\Renderer</Filter>
    </ClCompile>
    <ClCompile Include="src\Emulator\Emulator.cpp">
      <Filter>Source Files\Emulator</Filter>
    </ClCompile>
    <ClCompile Include="src\Core\GBA\GBA.cpp">
      <Filter>Source Files\Core\GBA</Filter>
    </ClCompile>
    <ClCompile Include="src\Core\ARM7TDMI\ARM7TDMI.cpp">
      <Filter>Source Files\Core\ARM7TDMI</Filter>
    </ClCompile>
    <ClCompile Include="src\Core\ARM7TDMI\InstructionDecoding.cpp">
      <Filter>Source Files\Core\ARM7TDMI</Filter>
    </ClCompile>
    <ClCompile Include="src\Core\ARM7TDMI\ARM_Instructions\DataProcessing.cpp">
      <Filter>Source Files\Core\ARM7TDMI\ARM_Instructions</Filter>
    </ClCompile>
    <ClCompile Include="src\Core\ARM7TDMI\ARM_Instructions\Multiply.cpp">
      <Filter>Source Files\Core\ARM7TDMI\ARM_Instructions</Filter>
    </ClCompile>
    <ClCompile Include="src\Core\ARM7TDMI\ARM_Instructions\DataTransfer.cpp">
      <Filter>Source Files\Core\ARM7TDMI\ARM_Instructions</Filter>
    </ClCompile>
    <ClCompile Include="src\Core\ARM7TDMI\ARM_Instructions\BranchARM.cpp">
      <Filter>Source Files\Core\ARM7TDMI\ARM_Instructions</Filter>
    </ClCompile>
    <ClCompile Include="src\Core\ARM7TDMI\ARM_Instructions\MiscARM.cpp">
      <Filter>Source Files\Core\ARM7TDMI\ARM_Instructions</Filter>
    </ClCompile>
    <ClCompile Include="src\Core\Memory\Memory.cpp">
      <Filter>Source Files\Core\Memory</Filter>
    </ClCompile>
    <ClCompile Include="src\Core\ARM7TDMI\THUMB_Instructions\ArithmeticInstructions.cpp">
      <Filter>Source Files\Core\ARM7TDMI\THUMB_Instructions</Filter>
    </ClCompile>
    <ClCompile Include="src\Core\ARM7TDMI\THUMB_Instructions\LoadStore.cpp">
      <Filter>Source Files\Core\ARM7TDMI\THUMB_Instructions</Filter>
    </ClCompile>
    <ClCompile Include="src\Core\ARM7TDMI\THUMB_Instructions\StackInstructions.cpp">
      <Filter>Source Files\Core\ARM7TDMI\THUMB_Instructions</Filter>
    </ClCompile>
    <ClCompile Include="src\Core\ARM7TDMI\THUMB_Instructions\BranchTHUMB.cpp">
      <Filter>Source Files\Core\ARM7TDMI\THUMB_Instructions</Filter>
    </ClCompile>
    <ClCompile Include="src\Core\ARM7TDMI\THUMB_Instructions\MiscTHUMB.cpp">
      <Filter>Source Files\Core\ARM7TDMI\THUMB_Instructions</Filter>
    </ClCompile>
    <ClCompile Include="src\Core\Scheduler\Scheduler.cpp">
      <Filter>Source Files\Core\Scheduler</Filter>
    </ClCompile>
  </ItemGroup>
  <ItemGroup>
    <ClInclude Include="src\GUI\ControlFrame.h">
      <Filter>Header Files\GUI</Filter>
    </ClInclude>
    <ClInclude Include="src\GUI\wxInclude.h">
      <Filter>Header Files\GUI</Filter>
    </ClInclude>
    <ClInclude Include="src\ABGGBA.h">
      <Filter>Header Files</Filter>
    </ClInclude>
    <ClInclude Include="src\Renderer\Renderer.h">
      <Filter>Header Files\Renderer</Filter>
    </ClInclude>
    <ClInclude Include="src\Emulator\Emulator.h">
      <Filter>Header Files\Emulator</Filter>
    </ClInclude>
    <ClInclude Include="src\Core\GBA\GBA.h">
      <Filter>Header Files\Core\GBA</Filter>
    </ClInclude>
    <ClInclude Include="src\Core\ARM7TDMI\ARM7TDMI.h">
      <Filter>Header Files\Core\ARM7TDMI</Filter>
    </ClInclude>
    <ClInclude Include="src\Core\ARM7TDMI\Instruction.h">
      <Filter>Header Files\Core\ARM7TDMI</Filter>
    </ClInclude>
    <ClInclude Include="src\Core\Memory\Memory.h">
      <Filter>Header Files\Core\Memory</Filter>
    </ClInclude>
    <ClInclude Include="src\Core\Memory\AccessType.h">
      <Filter>Header Files\Core\Memory</Filter>
    </ClInclude>
    <ClInclude Include="src\Core\Scheduler\Scheduler.h">
      <Filter>Header Files\Scheduler</Filter>
    </ClInclude>
    <ClInclude Include="src\Core\Event\Event.h">
      <Filter>Header Files\Event</Filter>
    </ClInclude>
    <ClInclude Include="src\Core\Scheduler\RemovablePriorityQueue.h">
      <Filter>Header Files\Scheduler</Filter>
    </ClInclude>
  </ItemGroup>
  <ItemGroup>
    <None Include="src\Core\ARM7TDMI\Arithmetic.inl">
      <Filter>Header Files\Core\ARM7TDMI</Filter>
    </None>
    <None Include="src\Core\ARM7TDMI\Shifts.inl">
      <Filter>Header Files\Core\ARM7TDMI</Filter>
    </None>
  </ItemGroup>
</Project>